
Microsoft Visual Studio Solution File, Format Version 12.00
# Visual Studio 14
VisualStudioVersion = 14.0.25420.1
MinimumVisualStudioVersion = 10.0.40219.1
Project("{FAE04EC0-301F-11D3-BF4B-00C04F79EFBC}") = "EF.CodeFirst.Basic", "EF.CodeFirst.Basic\EF.CodeFirst.Basic.csproj", "{65A3B9EA-4F95-4E7E-81CC-B234F81682E1}"
EndProject
Project("{FAE04EC0-301F-11D3-BF4B-00C04F79EFBC}") = "K.Common", "K.Common\K.Common.csproj", "{30648DBB-58B5-49C7-AB47-52B1F1356B9E}"
EndProject
Project("{FAE04EC0-301F-11D3-BF4B-00C04F79EFBC}") = "EF.CodeFirst.UsingMigration", "EF.CodeFirst.UsingMigration\EF.CodeFirst.UsingMigration.csproj", "{76D0A5BF-BBC5-4867-AC49-C07DFE957C71}"
EndProject
Project("{00D1A9C2-B5F0-4AF3-8072-F6C62B433612}") = "EF.Database", "EF.Database\EF.Database.sqlproj", "{6BA7F428-7452-45BC-8D27-8069722B0465}"
EndProject
Project("{FAE04EC0-301F-11D3-BF4B-00C04F79EFBC}") = "EF.Database.Shell", "EF.Database.Shell\EF.Database.Shell.csproj", "{FA38763D-1CF2-4599-8434-7F4D88C8C51E}"
EndProject
Project("{2150E333-8FDC-42A3-9474-1A3956D46DE8}") = "Db", "Db", "{7C578C5B-C726-49C3-A5F2-1B8DF263BFA4}"
EndProject
Project("{FAE04EC0-301F-11D3-BF4B-00C04F79EFBC}") = "EF.CodeFirst.ExistingDb", "EF.CodeFirst.ExistingDb\EF.CodeFirst.ExistingDb.csproj", "{859DCE56-8CE0-41CE-B32B-C90EF12B3BA1}"
EndProject
Project("{2150E333-8FDC-42A3-9474-1A3956D46DE8}") = "Solution Items", "Solution Items", "{5B75FDF9-E12F-4119-8BE2-FE527D2FF900}"
	ProjectSection(SolutionItems) = preProject
		Readme.txt = Readme.txt
	EndProjectSection
EndProject
Project("{FAE04EC0-301F-11D3-BF4B-00C04F79EFBC}") = "EF.CodeFirst.Relationship", "EF.CodeFirst.Relationship\EF.CodeFirst.Relationship.csproj", "{B11ADC33-FC60-45D1-A6A7-62EEDFBBD5F3}"
EndProject
Global
	GlobalSection(SolutionConfigurationPlatforms) = preSolution
		Debug|Any CPU = Debug|Any CPU
		Release|Any CPU = Release|Any CPU
	EndGlobalSection
	GlobalSection(ProjectConfigurationPlatforms) = postSolution
		{65A3B9EA-4F95-4E7E-81CC-B234F81682E1}.Debug|Any CPU.ActiveCfg = Debug|Any CPU
		{65A3B9EA-4F95-4E7E-81CC-B234F81682E1}.Debug|Any CPU.Build.0 = Debug|Any CPU
		{65A3B9EA-4F95-4E7E-81CC-B234F81682E1}.Release|Any CPU.ActiveCfg = Release|Any CPU
		{65A3B9EA-4F95-4E7E-81CC-B234F81682E1}.Release|Any CPU.Build.0 = Release|Any CPU
		{30648DBB-58B5-49C7-AB47-52B1F1356B9E}.Debug|Any CPU.ActiveCfg = Debug|Any CPU
		{30648DBB-58B5-49C7-AB47-52B1F1356B9E}.Debug|Any CPU.Build.0 = Debug|Any CPU
		{30648DBB-58B5-49C7-AB47-52B1F1356B9E}.Release|Any CPU.ActiveCfg = Release|Any CPU
		{30648DBB-58B5-49C7-AB47-52B1F1356B9E}.Release|Any CPU.Build.0 = Release|Any CPU
		{76D0A5BF-BBC5-4867-AC49-C07DFE957C71}.Debug|Any CPU.ActiveCfg = Debug|Any CPU
		{76D0A5BF-BBC5-4867-AC49-C07DFE957C71}.Debug|Any CPU.Build.0 = Debug|Any CPU
		{76D0A5BF-BBC5-4867-AC49-C07DFE957C71}.Release|Any CPU.ActiveCfg = Release|Any CPU
		{76D0A5BF-BBC5-4867-AC49-C07DFE957C71}.Release|Any CPU.Build.0 = Release|Any CPU
		{6BA7F428-7452-45BC-8D27-8069722B0465}.Debug|Any CPU.ActiveCfg = Debug|Any CPU
		{6BA7F428-7452-45BC-8D27-8069722B0465}.Debug|Any CPU.Build.0 = Debug|Any CPU
		{6BA7F428-7452-45BC-8D27-8069722B0465}.Debug|Any CPU.Deploy.0 = Debug|Any CPU
		{6BA7F428-7452-45BC-8D27-8069722B0465}.Release|Any CPU.ActiveCfg = Release|Any CPU
		{6BA7F428-7452-45BC-8D27-8069722B0465}.Release|Any CPU.Build.0 = Release|Any CPU
		{6BA7F428-7452-45BC-8D27-8069722B0465}.Release|Any CPU.Deploy.0 = Release|Any CPU
		{FA38763D-1CF2-4599-8434-7F4D88C8C51E}.Debug|Any CPU.ActiveCfg = Debug|Any CPU
		{FA38763D-1CF2-4599-8434-7F4D88C8C51E}.Debug|Any CPU.Build.0 = Debug|Any CPU
		{FA38763D-1CF2-4599-8434-7F4D88C8C51E}.Release|Any CPU.ActiveCfg = Release|Any CPU
		{FA38763D-1CF2-4599-8434-7F4D88C8C51E}.Release|Any CPU.Build.0 = Release|Any CPU
		{859DCE56-8CE0-41CE-B32B-C90EF12B3BA1}.Debug|Any CPU.ActiveCfg = Debug|Any CPU
		{859DCE56-8CE0-41CE-B32B-C90EF12B3BA1}.Debug|Any CPU.Build.0 = Debug|Any CPU
		{859DCE56-8CE0-41CE-B32B-C90EF12B3BA1}.Release|Any CPU.ActiveCfg = Release|Any CPU
		{859DCE56-8CE0-41CE-B32B-C90EF12B3BA1}.Release|Any CPU.Build.0 = Release|Any CPU
		{B11ADC33-FC60-45D1-A6A7-62EEDFBBD5F3}.Debug|Any CPU.ActiveCfg = Debug|Any CPU
		{B11ADC33-FC60-45D1-A6A7-62EEDFBBD5F3}.Debug|Any CPU.Build.0 = Debug|Any CPU
		{B11ADC33-FC60-45D1-A6A7-62EEDFBBD5F3}.Release|Any CPU.ActiveCfg = Release|Any CPU
		{B11ADC33-FC60-45D1-A6A7-62EEDFBBD5F3}.Release|Any CPU.Build.0 = Release|Any CPU
	EndGlobalSection
	GlobalSection(SolutionProperties) = preSolution
		HideSolutionNode = FALSE
	EndGlobalSection
	GlobalSection(NestedProjects) = preSolution
		{6BA7F428-7452-45BC-8D27-8069722B0465} = {7C578C5B-C726-49C3-A5F2-1B8DF263BFA4}
		{FA38763D-1CF2-4599-8434-7F4D88C8C51E} = {7C578C5B-C726-49C3-A5F2-1B8DF263BFA4}
	EndGlobalSection
EndGlobal
